lockfileVersion: 5.4

specifiers:
  after-effects: ^0.4.15

dependencies:
  after-effects: 0.4.15

packages:

  /after-effects/0.4.15:
    resolution: {integrity: sha512-xtzMr0qWZ9tiRk2IHRAvwNJ/v4TYuv501usrNOrNulBVLwvofmI0Wu0q8Tlkrw2AVGQ4d+zy1sZPh2vD1l5cVQ==}
    dependencies:
      babel-core: 6.26.3
      babel-plugin-transform-es3-member-expression-literals: 6.22.0
      babel-plugin-transform-es3-property-literals: 6.22.0
      babel-plugin-transform-es5-property-mutators: 6.24.1
      babel-preset-es2015: 6.24.1
      escape-string-applescript: 2.0.0
      is-explicit: 1.4.1
      uglify-js: 2.8.29
      uuid: 2.0.3
    transitivePeerDependencies:
      - supports-color
    dev: false

  /align-text/0.1.4:
    resolution: {integrity: sha512-GrTZLRpmp6wIC2ztrWW9MjjTgSKccffgFagbNDOX95/dcjEcYZibYTeaOntySQLcdw1ztBoFkviiUvTMbb9MYg==}
    engines: {node: '>=0.10.0'}
    dependencies:
      kind-of: 3.2.2
      longest: 1.0.1
      repeat-string: 1.6.1
    dev: false

  /ansi-regex/2.1.1:
    resolution: {integrity: sha512-TIGnTpdo+E3+pCyAluZvtED5p5wCqLdezCyhPZzKPcxvFplEt4i+W7OONCKgeZFT3+y5NZZfOOS/Bdcanm1MYA==}
    engines: {node: '>=0.10.0'}
    dev: false

  /ansi-styles/2.2.1:
    resolution: {integrity: sha512-kmCevFghRiWM7HB5zTPULl4r9bVFSWjz62MhqizDGUrq2NWuNMQyuv4tHHoKJHs69M/MF64lEcHdYIocrdWQYA==}
    engines: {node: '>=0.10.0'}
    dev: false

  /babel-code-frame/6.26.0:
    resolution: {integrity: sha512-XqYMR2dfdGMW+hd0IUZ2PwK+fGeFkOxZJ0wY+JaQAHzt1Zx8LcvpiZD2NiGkEG8qx0CfkAOr5xt76d1e8vG90g==}
    dependencies:
      chalk: 1.1.3
      esutils: 2.0.3
      js-tokens: 3.0.2
    dev: false

  /babel-core/6.26.3:
    resolution: {integrity: sha512-6jyFLuDmeidKmUEb3NM+/yawG0M2bDZ9Z1qbZP59cyHLz8kYGKYwpJP0UwUKKUiTRNvxfLesJnTedqczP7cTDA==}
    dependencies:
      babel-code-frame: 6.26.0
      babel-generator: 6.26.1
      babel-helpers: 6.24.1
      babel-messages: 6.23.0
      babel-register: 6.26.0
      babel-runtime: 6.26.0
      babel-template: 6.26.0
      babel-traverse: 6.26.0
      babel-types: 6.26.0
      babylon: 6.18.0
      convert-source-map: 1.9.0
      debug: 2.6.9
      json5: 0.5.1
      lodash: 4.17.21
      minimatch: 3.1.2
      path-is-absolute: 1.0.1
      private: 0.1.8
      slash: 1.0.0
      source-map: 0.5.7
    transitivePeerDependencies:
      - supports-color
    dev: false

  /babel-generator/6.26.1:
    resolution: {integrity: sha512-HyfwY6ApZj7BYTcJURpM5tznulaBvyio7/0d4zFOeMPUmfxkCjHocCuoLa2SAGzBI8AREcH3eP3758F672DppA==}
    dependencies:
      babel-messages: 6.23.0
      babel-runtime: 6.26.0
      babel-types: 6.26.0
      detect-indent: 4.0.0
      jsesc: 1.3.0
      lodash: 4.17.21
      source-map: 0.5.7
      trim-right: 1.0.1
    dev: false

  /babel-helper-call-delegate/6.24.1:
    resolution: {integrity: sha512-RL8n2NiEj+kKztlrVJM9JT1cXzzAdvWFh76xh/H1I4nKwunzE4INBXn8ieCZ+wh4zWszZk7NBS1s/8HR5jDkzQ==}
    dependencies:
      babel-helper-hoist-variables: 6.24.1
      babel-runtime: 6.26.0
      babel-traverse: 6.26.0
      babel-types: 6.26.0
    transitivePeerDependencies:
      - supports-color
    dev: false

  /babel-helper-define-map/6.26.0:
    resolution: {integrity: sha512-bHkmjcC9lM1kmZcVpA5t2om2nzT/xiZpo6TJq7UlZ3wqKfzia4veeXbIhKvJXAMzhhEBd3cR1IElL5AenWEUpA==}
    dependencies:
      babel-helper-function-name: 6.24.1
      babel-runtime: 6.26.0
      babel-types: 6.26.0
      lodash: 4.17.21
    transitivePeerDependencies:
      - supports-color
    dev: false

  /babel-helper-function-name/6.24.1:
    resolution: {integrity: sha512-Oo6+e2iX+o9eVvJ9Y5eKL5iryeRdsIkwRYheCuhYdVHsdEQysbc2z2QkqCLIYnNxkT5Ss3ggrHdXiDI7Dhrn4Q==}
    dependencies:
      babel-helper-get-function-arity: 6.24.1
      babel-runtime: 6.26.0
      babel-template: 6.26.0
      babel-traverse: 6.26.0
      babel-types: 6.26.0
    transitivePeerDependencies:
      - supports-color
    dev: false

  /babel-helper-get-function-arity/6.24.1:
    resolution: {integrity: sha512-WfgKFX6swFB1jS2vo+DwivRN4NB8XUdM3ij0Y1gnC21y1tdBoe6xjVnd7NSI6alv+gZXCtJqvrTeMW3fR/c0ng==}
    dependencies:
      babel-runtime: 6.26.0
      babel-types: 6.26.0
    dev: false

  /babel-helper-hoist-variables/6.24.1:
    resolution: {integrity: sha512-zAYl3tqerLItvG5cKYw7f1SpvIxS9zi7ohyGHaI9cgDUjAT6YcY9jIEH5CstetP5wHIVSceXwNS7Z5BpJg+rOw==}
    dependencies:
      babel-runtime: 6.26.0
      babel-types: 6.26.0
    dev: false

  /babel-helper-optimise-call-expression/6.24.1:
    resolution: {integrity: sha512-Op9IhEaxhbRT8MDXx2iNuMgciu2V8lDvYCNQbDGjdBNCjaMvyLf4wl4A3b8IgndCyQF8TwfgsQ8T3VD8aX1/pA==}
    dependencies:
      babel-runtime: 6.26.0
      babel-types: 6.26.0
    dev: false

  /babel-helper-regex/6.26.0:
    resolution: {integrity: sha512-VlPiWmqmGJp0x0oK27Out1D+71nVVCTSdlbhIVoaBAj2lUgrNjBCRR9+llO4lTSb2O4r7PJg+RobRkhBrf6ofg==}
    dependencies:
      babel-runtime: 6.26.0
      babel-types: 6.26.0
      lodash: 4.17.21
    dev: false

  /babel-helper-replace-supers/6.24.1:
    resolution: {integrity: sha512-sLI+u7sXJh6+ToqDr57Bv973kCepItDhMou0xCP2YPVmR1jkHSCY+p1no8xErbV1Siz5QE8qKT1WIwybSWlqjw==}
    dependencies:
      babel-helper-optimise-call-expression: 6.24.1
      babel-messages: 6.23.0
      babel-runtime: 6.26.0
      babel-template: 6.26.0
      babel-traverse: 6.26.0
      babel-types: 6.26.0
    transitivePeerDependencies:
      - supports-color
    dev: false

  /babel-helpers/6.24.1:
    resolution: {integrity: sha512-n7pFrqQm44TCYvrCDb0MqabAF+JUBq+ijBvNMUxpkLjJaAu32faIexewMumrH5KLLJ1HDyT0PTEqRyAe/GwwuQ==}
    dependencies:
      babel-runtime: 6.26.0
      babel-template: 6.26.0
    transitivePeerDependencies:
      - supports-color
    dev: false

  /babel-messages/6.23.0:
    resolution: {integrity: sha512-Bl3ZiA+LjqaMtNYopA9TYE9HP1tQ+E5dLxE0XrAzcIJeK2UqF0/EaqXwBn9esd4UmTfEab+P+UYQ1GnioFIb/w==}
    dependencies:
      babel-runtime: 6.26.0
    dev: false

  /babel-plugin-check-es2015-constants/6.22.0:
    resolution: {integrity: sha512-B1M5KBP29248dViEo1owyY32lk1ZSH2DaNNrXLGt8lyjjHm7pBqAdQ7VKUPR6EEDO323+OvT3MQXbCin8ooWdA==}
    dependencies:
      babel-runtime: 6.26.0
    dev: false

  /babel-plugin-transform-es2015-arrow-functions/6.22.0:
    resolution: {integrity: sha512-PCqwwzODXW7JMrzu+yZIaYbPQSKjDTAsNNlK2l5Gg9g4rz2VzLnZsStvp/3c46GfXpwkyufb3NCyG9+50FF1Vg==}
    dependencies:
      babel-runtime: 6.26.0
    dev: false

  /babel-plugin-transform-es2015-block-scoped-functions/6.22.0:
    resolution: {integrity: sha512-2+ujAT2UMBzYFm7tidUsYh+ZoIutxJ3pN9IYrF1/H6dCKtECfhmB8UkHVpyxDwkj0CYbQG35ykoz925TUnBc3A==}
    dependencies:
      babel-runtime: 6.26.0
    dev: false

  /babel-plugin-transform-es2015-block-scoping/6.26.0:
    resolution: {integrity: sha512-YiN6sFAQ5lML8JjCmr7uerS5Yc/EMbgg9G8ZNmk2E3nYX4ckHR01wrkeeMijEf5WHNK5TW0Sl0Uu3pv3EdOJWw==}
    dependencies:
      babel-runtime: 6.26.0
      babel-template: 6.26.0
      babel-traverse: 6.26.0
      babel-types: 6.26.0
      lodash: 4.17.21
    transitivePeerDependencies:
      - supports-color
    dev: false

  /babel-plugin-transform-es2015-classes/6.24.1:
    resolution: {integrity: sha512-5Dy7ZbRinGrNtmWpquZKZ3EGY8sDgIVB4CU8Om8q8tnMLrD/m94cKglVcHps0BCTdZ0TJeeAWOq2TK9MIY6cag==}
    dependencies:
      babel-helper-define-map: 6.26.0
      babel-helper-function-name: 6.24.1
      babel-helper-optimise-call-expression: 6.24.1
      babel-helper-replace-supers: 6.24.1
      babel-messages: 6.23.0
      babel-runtime: 6.26.0
      babel-template: 6.26.0
      babel-traverse: 6.26.0
      babel-types: 6.26.0
    transitivePeerDependencies:
      - supports-color
    dev: false

  /babel-plugin-transform-es2015-computed-properties/6.24.1:
    resolution: {integrity: sha512-C/uAv4ktFP/Hmh01gMTvYvICrKze0XVX9f2PdIXuriCSvUmV9j+u+BB9f5fJK3+878yMK6dkdcq+Ymr9mrcLzw==}
    dependencies:
      babel-runtime: 6.26.0
      babel-template: 6.26.0
    transitivePeerDependencies:
      - supports-color
    dev: false

  /babel-plugin-transform-es2015-destructuring/6.23.0:
    resolution: {integrity: sha512-aNv/GDAW0j/f4Uy1OEPZn1mqD+Nfy9viFGBfQ5bZyT35YqOiqx7/tXdyfZkJ1sC21NyEsBdfDY6PYmLHF4r5iA==}
    dependencies:
      babel-runtime: 6.26.0
    dev: false

  /babel-plugin-transform-es2015-duplicate-keys/6.24.1:
    resolution: {integrity: sha512-ossocTuPOssfxO2h+Z3/Ea1Vo1wWx31Uqy9vIiJusOP4TbF7tPs9U0sJ9pX9OJPf4lXRGj5+6Gkl/HHKiAP5ug==}
    dependencies:
      babel-runtime: 6.26.0
      babel-types: 6.26.0
    dev: false

  /babel-plugin-transform-es2015-for-of/6.23.0:
    resolution: {integrity: sha512-DLuRwoygCoXx+YfxHLkVx5/NpeSbVwfoTeBykpJK7JhYWlL/O8hgAK/reforUnZDlxasOrVPPJVI/guE3dCwkw==}
    dependencies:
      babel-runtime: 6.26.0
    dev: false

  /babel-plugin-transform-es2015-function-name/6.24.1:
    resolution: {integrity: sha512-iFp5KIcorf11iBqu/y/a7DK3MN5di3pNCzto61FqCNnUX4qeBwcV1SLqe10oXNnCaxBUImX3SckX2/o1nsrTcg==}
    dependencies:
      babel-helper-function-name: 6.24.1
      babel-runtime: 6.26.0
      babel-types: 6.26.0
    transitivePeerDependencies:
      - supports-color
    dev: false

  /babel-plugin-transform-es2015-literals/6.22.0:
    resolution: {integrity: sha512-tjFl0cwMPpDYyoqYA9li1/7mGFit39XiNX5DKC/uCNjBctMxyL1/PT/l4rSlbvBG1pOKI88STRdUsWXB3/Q9hQ==}
    dependencies:
      babel-runtime: 6.26.0
    dev: false

  /babel-plugin-transform-es2015-modules-amd/6.24.1:
    resolution: {integrity: sha512-LnIIdGWIKdw7zwckqx+eGjcS8/cl8D74A3BpJbGjKTFFNJSMrjN4bIh22HY1AlkUbeLG6X6OZj56BDvWD+OeFA==}
    dependencies:
      babel-plugin-transform-es2015-modules-commonjs: 6.26.2
      babel-runtime: 6.26.0
      babel-template: 6.26.0
    transitivePeerDependencies:
      - supports-color
    dev: false

  /babel-plugin-transform-es2015-modules-commonjs/6.26.2:
    resolution: {integrity: sha512-CV9ROOHEdrjcwhIaJNBGMBCodN+1cfkwtM1SbUHmvyy35KGT7fohbpOxkE2uLz1o6odKK2Ck/tz47z+VqQfi9Q==}
    dependencies:
      babel-plugin-transform-strict-mode: 6.24.1
      babel-runtime: 6.26.0
      babel-template: 6.26.0
      babel-types: 6.26.0
    transitivePeerDependencies:
      - supports-color
    dev: false

  /babel-plugin-transform-es2015-modules-systemjs/6.24.1:
    resolution: {integrity: sha512-ONFIPsq8y4bls5PPsAWYXH/21Hqv64TBxdje0FvU3MhIV6QM2j5YS7KvAzg/nTIVLot2D2fmFQrFWCbgHlFEjg==}
    dependencies:
      babel-helper-hoist-variables: 6.24.1
      babel-runtime: 6.26.0
      babel-template: 6.26.0
    transitivePeerDependencies:
      - supports-color
    dev: false

  /babel-plugin-transform-es2015-modules-umd/6.24.1:
    resolution: {integrity: sha512-LpVbiT9CLsuAIp3IG0tfbVo81QIhn6pE8xBJ7XSeCtFlMltuar5VuBV6y6Q45tpui9QWcy5i0vLQfCfrnF7Kiw==}
    dependencies:
      babel-plugin-transform-es2015-modules-amd: 6.24.1
      babel-runtime: 6.26.0
      babel-template: 6.26.0
    transitivePeerDependencies:
      - supports-color
    dev: false

  /babel-plugin-transform-es2015-object-super/6.24.1:
    resolution: {integrity: sha512-8G5hpZMecb53vpD3mjs64NhI1au24TAmokQ4B+TBFBjN9cVoGoOvotdrMMRmHvVZUEvqGUPWL514woru1ChZMA==}
    dependencies:
      babel-helper-replace-supers: 6.24.1
      babel-runtime: 6.26.0
    transitivePeerDependencies:
      - supports-color
    dev: false

  /babel-plugin-transform-es2015-parameters/6.24.1:
    resolution: {integrity: sha512-8HxlW+BB5HqniD+nLkQ4xSAVq3bR/pcYW9IigY+2y0dI+Y7INFeTbfAQr+63T3E4UDsZGjyb+l9txUnABWxlOQ==}
    dependencies:
      babel-helper-call-delegate: 6.24.1
      babel-helper-get-function-arity: 6.24.1
      babel-runtime: 6.26.0
      babel-template: 6.26.0
      babel-traverse: 6.26.0
      babel-types: 6.26.0
    transitivePeerDependencies:
      - supports-color
    dev: false

  /babel-plugin-transform-es2015-shorthand-properties/6.24.1:
    resolution: {integrity: sha512-mDdocSfUVm1/7Jw/FIRNw9vPrBQNePy6wZJlR8HAUBLybNp1w/6lr6zZ2pjMShee65t/ybR5pT8ulkLzD1xwiw==}
    dependencies:
      babel-runtime: 6.26.0
      babel-types: 6.26.0
    dev: false

  /babel-plugin-transform-es2015-spread/6.22.0:
    resolution: {integrity: sha512-3Ghhi26r4l3d0Js933E5+IhHwk0A1yiutj9gwvzmFbVV0sPMYk2lekhOufHBswX7NCoSeF4Xrl3sCIuSIa+zOg==}
    dependencies:
      babel-runtime: 6.26.0
    dev: false

  /babel-plugin-transform-es2015-sticky-regex/6.24.1:
    resolution: {integrity: sha512-CYP359ADryTo3pCsH0oxRo/0yn6UsEZLqYohHmvLQdfS9xkf+MbCzE3/Kolw9OYIY4ZMilH25z/5CbQbwDD+lQ==}
    dependencies:
      babel-helper-regex: 6.26.0
      babel-runtime: 6.26.0
      babel-types: 6.26.0
    dev: false

  /babel-plugin-transform-es2015-template-literals/6.22.0:
    resolution: {integrity: sha512-x8b9W0ngnKzDMHimVtTfn5ryimars1ByTqsfBDwAqLibmuuQY6pgBQi5z1ErIsUOWBdw1bW9FSz5RZUojM4apg==}
    dependencies:
      babel-runtime: 6.26.0
    dev: false

  /babel-plugin-transform-es2015-typeof-symbol/6.23.0:
    resolution: {integrity: sha512-fz6J2Sf4gYN6gWgRZaoFXmq93X+Li/8vf+fb0sGDVtdeWvxC9y5/bTD7bvfWMEq6zetGEHpWjtzRGSugt5kNqw==}
    dependencies:
      babel-runtime: 6.26.0
    dev: false

  /babel-plugin-transform-es2015-unicode-regex/6.24.1:
    resolution: {integrity: sha512-v61Dbbihf5XxnYjtBN04B/JBvsScY37R1cZT5r9permN1cp+b70DY3Ib3fIkgn1DI9U3tGgBJZVD8p/mE/4JbQ==}
    dependencies:
      babel-helper-regex: 6.26.0
      babel-runtime: 6.26.0
      regexpu-core: 2.0.0
    dev: false

  /babel-plugin-transform-es3-member-expression-literals/6.22.0:
    resolution: {integrity: sha512-pnvDBkNkRJnBlmcopdp/bqeWd3++ENojjNrudnWNs8rhhZRlsDG88KJhkQyWmaqPHZw0O5Z7X+gFGu2c8Fw94w==}
    dependencies:
      babel-runtime: 6.26.0
    dev: false

  /babel-plugin-transform-es3-property-literals/6.22.0:
    resolution: {integrity: sha512-2tZlDbsRfGeTIBgJiQpduyFC8XDyyH34HLXRg4OqW08gJvUmUwW24inoY5/6tdJlf8Upn8+cmQkfflNATt466A==}
    dependencies:
      babel-runtime: 6.26.0
    dev: false

  /babel-plugin-transform-es5-property-mutators/6.24.1:
    resolution: {integrity: sha512-p4o00omJMGat/y5NXiQWS9JmbPNdTgNtDKpCk6xdEDLQb4+96NNXOLsF0a3URtRF3NBOt8L96o2sJ7f8dweDtA==}
    dependencies:
      babel-helper-define-map: 6.26.0
      babel-runtime: 6.26.0
    transitivePeerDependencies:
      - supports-color
    dev: false

  /babel-plugin-transform-regenerator/6.26.0:
    resolution: {integrity: sha512-LS+dBkUGlNR15/5WHKe/8Neawx663qttS6AGqoOUhICc9d1KciBvtrQSuc0PI+CxQ2Q/S1aKuJ+u64GtLdcEZg==}
    dependencies:
      regenerator-transform: 0.10.1
    dev: false

  /babel-plugin-transform-strict-mode/6.24.1:
    resolution: {integrity: sha512-j3KtSpjyLSJxNoCDrhwiJad8kw0gJ9REGj8/CqL0HeRyLnvUNYV9zcqluL6QJSXh3nfsLEmSLvwRfGzrgR96Pw==}
    dependencies:
      babel-runtime: 6.26.0
      babel-types: 6.26.0
    dev: false

  /babel-preset-es2015/6.24.1:
    resolution: {integrity: sha512-XfwUqG1Ry6R43m4Wfob+vHbIVBIqTg/TJY4Snku1iIzeH7mUnwHA8Vagmv+ZQbPwhS8HgsdQvy28Py3k5zpoFQ==}
    deprecated: '🙌  Thanks for using Babel: we recommend using babel-preset-env now: please read https://babeljs.io/env to update!'
    dependencies:
      babel-plugin-check-es2015-constants: 6.22.0
      babel-plugin-transform-es2015-arrow-functions: 6.22.0
      babel-plugin-transform-es2015-block-scoped-functions: 6.22.0
      babel-plugin-transform-es2015-block-scoping: 6.26.0
      babel-plugin-transform-es2015-classes: 6.24.1
      babel-plugin-transform-es2015-computed-properties: 6.24.1
      babel-plugin-transform-es2015-destructuring: 6.23.0
      babel-plugin-transform-es2015-duplicate-keys: 6.24.1
      babel-plugin-transform-es2015-for-of: 6.23.0
      babel-plugin-transform-es2015-function-name: 6.24.1
      babel-plugin-transform-es2015-literals: 6.22.0
      babel-plugin-transform-es2015-modules-amd: 6.24.1
      babel-plugin-transform-es2015-modules-commonjs: 6.26.2
      babel-plugin-transform-es2015-modules-systemjs: 6.24.1
      babel-plugin-transform-es2015-modules-umd: 6.24.1
      babel-plugin-transform-es2015-object-super: 6.24.1
      babel-plugin-transform-es2015-parameters: 6.24.1
      babel-plugin-transform-es2015-shorthand-properties: 6.24.1
      babel-plugin-transform-es2015-spread: 6.22.0
      babel-plugin-transform-es2015-sticky-regex: 6.24.1
      babel-plugin-transform-es2015-template-literals: 6.22.0
      babel-plugin-transform-es2015-typeof-symbol: 6.23.0
      babel-plugin-transform-es2015-unicode-regex: 6.24.1
      babel-plugin-transform-regenerator: 6.26.0
    transitivePeerDependencies:
      - supports-color
    dev: false

  /babel-register/6.26.0:
    resolution: {integrity: sha512-veliHlHX06wjaeY8xNITbveXSiI+ASFnOqvne/LaIJIqOWi2Ogmj91KOugEz/hoh/fwMhXNBJPCv8Xaz5CyM4A==}
    dependencies:
      babel-core: 6.26.3
      babel-runtime: 6.26.0
      core-js: 2.6.12
      home-or-tmp: 2.0.0
      lodash: 4.17.21
      mkdirp: 0.5.6
      source-map-support: 0.4.18
    transitivePeerDependencies:
      - supports-color
    dev: false

  /babel-runtime/6.26.0:
    resolution: {integrity: sha512-ITKNuq2wKlW1fJg9sSW52eepoYgZBggvOAHC0u/CYu/qxQ9EVzThCgR69BnSXLHjy2f7SY5zaQ4yt7H9ZVxY2g==}
    dependencies:
      core-js: 2.6.12
      regenerator-runtime: 0.11.1
    dev: false

  /babel-template/6.26.0:
    resolution: {integrity: sha512-PCOcLFW7/eazGUKIoqH97sO9A2UYMahsn/yRQ7uOk37iutwjq7ODtcTNF+iFDSHNfkctqsLRjLP7URnOx0T1fg==}
    dependencies:
      babel-runtime: 6.26.0
      babel-traverse: 6.26.0
      babel-types: 6.26.0
      babylon: 6.18.0
      lodash: 4.17.21
    transitivePeerDependencies:
      - supports-color
    dev: false

  /babel-traverse/6.26.0:
    resolution: {integrity: sha512-iSxeXx7apsjCHe9c7n8VtRXGzI2Bk1rBSOJgCCjfyXb6v1aCqE1KSEpq/8SXuVN8Ka/Rh1WDTF0MDzkvTA4MIA==}
    dependencies:
      babel-code-frame: 6.26.0
      babel-messages: 6.23.0
      babel-runtime: 6.26.0
      babel-types: 6.26.0
      babylon: 6.18.0
      debug: 2.6.9
      globals: 9.18.0
      invariant: 2.2.4
      lodash: 4.17.21
    transitivePeerDependencies:
      - supports-color
    dev: false

  /babel-types/6.26.0:
    resolution: {integrity: sha512-zhe3V/26rCWsEZK8kZN+HaQj5yQ1CilTObixFzKW1UWjqG7618Twz6YEsCnjfg5gBcJh02DrpCkS9h98ZqDY+g==}
    dependencies:
      babel-runtime: 6.26.0
      esutils: 2.0.3
      lodash: 4.17.21
      to-fast-properties: 1.0.3
    dev: false

  /babylon/6.18.0:
    resolution: {integrity: sha512-q/UEjfGJ2Cm3oKV71DJz9d25TPnq5rhBVL2Q4fA5wcC3jcrdn7+SssEybFIxwAvvP+YCsCYNKughoF33GxgycQ==}
    hasBin: true
    dev: false

  /balanced-match/1.0.2:
    resolution: {integrity: sha512-3oSeUO0TMV67hN1AmbXsK4yaqU7tjiHlbxRDZOpH0KW9+CeX4bRAaX0Anxt0tx2MrpRpWwQaPwIlISEJhYU5Pw==}
    dev: false

  /brace-expansion/1.1.11:
    resolution: {integrity: sha512-iCuPHDFgrHX7H2vEI/5xpz07zSHB00TpugqhmYtVmMO6518mCuRMoOYFldEBl0g187ufozdaHgWKcYFb61qGiA==}
    dependencies:
      balanced-match: 1.0.2
      concat-map: 0.0.1
    dev: false

  /camelcase/1.2.1:
    resolution: {integrity: sha512-wzLkDa4K/mzI1OSITC+DUyjgIl/ETNHE9QvYgy6J6Jvqyyz4C0Xfd+lQhb19sX2jMpZV4IssUn0VDVmglV+s4g==}
    engines: {node: '>=0.10.0'}
    dev: false

  /center-align/0.1.3:
    resolution: {integrity: sha512-Baz3aNe2gd2LP2qk5U+sDk/m4oSuwSDcBfayTCTBoWpfIGO5XFxPmjILQII4NGiZjD6DoDI6kf7gKaxkf7s3VQ==}
    engines: {node: '>=0.10.0'}
    dependencies:
      align-text: 0.1.4
      lazy-cache: 1.0.4
    dev: false

  /chalk/1.1.3:
    resolution: {integrity: sha512-U3lRVLMSlsCfjqYPbLyVv11M9CPW4I728d6TCKMAOJueEeB9/8o+eSsMnxPJD+Q+K909sdESg7C+tIkoH6on1A==}
    engines: {node: '>=0.10.0'}
    dependencies:
      ansi-styles: 2.2.1
      escape-string-regexp: 1.0.5
      has-ansi: 2.0.0
      strip-ansi: 3.0.1
      supports-color: 2.0.0
    dev: false

  /cliui/2.1.0:
    resolution: {integrity: sha512-GIOYRizG+TGoc7Wgc1LiOTLare95R3mzKgoln+Q/lE4ceiYH19gUpl0l0Ffq4lJDEf3FxujMe6IBfOCs7pfqNA==}
    dependencies:
      center-align: 0.1.3
      right-align: 0.1.3
      wordwrap: 0.0.2
    dev: false

  /concat-map/0.0.1:
    resolution: {integrity: sha512-/Srv4dswyQNBfohGpz9o6Yb3Gz3SrUDqBH5rTuhGR7ahtlbYKnVxw2bCFMRljaA7EXHaXZ8wsHdodFvbkhKmqg==}
    dev: false

  /convert-source-map/1.9.0:
    resolution: {integrity: sha512-ASFBup0Mz1uyiIjANan1jzLQami9z1PoYSZCiiYW2FczPbenXc45FZdBZLzOT+r6+iciuEModtmCti+hjaAk0A==}
    dev: false

  /core-js/2.6.12:
    resolution: {integrity: sha512-Kb2wC0fvsWfQrgk8HU5lW6U/Lcs8+9aaYcy4ZFc6DDlo4nZ7n70dEgE5rtR0oG6ufKDUnrwfWL1mXR5ljDatrQ==}
    deprecated: core-js@<3.23.3 is no longer maintained and not recommended for usage due to the number of issues. Because of the V8 engine whims, feature detection in old core-js versions could cause a slowdown up to 100x even if nothing is polyfilled. Some versions have web compatibility issues. Please, upgrade your dependencies to the actual version of core-js.
    requiresBuild: true
    dev: false

  /debug/2.6.9:
    resolution: {integrity: sha512-bC7ElrdJaJnPbAP+1EotYvqZsb3ecl5wi6Bfi6BJTUcNowp6cvspg0jXznRTKDjm/E7AdgFBVeAPVMNcKGsHMA==}
    peerDependencies:
      supports-color: '*'
    peerDependenciesMeta:
      supports-color:
        optional: true
    dependencies:
      ms: 2.0.0
    dev: false

  /decamelize/1.2.0:
    resolution: {integrity: sha512-z2S+W9X73hAUUki+N+9Za2lBlun89zigOyGrsax+KUQ6wKW4ZoWpEYBkGhQjwAjjDCkWxhY0VKEhk8wzY7F5cA==}
    engines: {node: '>=0.10.0'}
    dev: false

  /detect-indent/4.0.0:
    resolution: {integrity: sha512-BDKtmHlOzwI7iRuEkhzsnPoi5ypEhWAJB5RvHWe1kMr06js3uK5B3734i3ui5Yd+wOJV1cpE4JnivPD283GU/A==}
    engines: {node: '>=0.10.0'}
    dependencies:
      repeating: 2.0.1
    dev: false

  /escape-string-applescript/2.0.0:
    resolution: {integrity: sha512-Z7OsRJUi5+OHT89RRJlkS8cKxIh9AyPmgtEevsSQFCx5WLIiS3hy/HRiiQZzYQMsn6MWyCDZ5elBFa/9dxT0BA==}
    engines: {node: '>=4'}
    dev: false

  /escape-string-regexp/1.0.5:
    resolution: {integrity: sha512-vbRorB5FUQWvla16U8R/qgaFIya2qGzwDrNmCZuYKrbdSUMG6I1ZCGQRefkRVhuOkIGVne7BQ35DSfo1qvJqFg==}
    engines: {node: '>=0.8.0'}
    dev: false

  /esutils/2.0.3:
    resolution: {integrity: sha512-kVscqXk4OCp68SZ0dkgEKVi6/8ij300KBWTJq32P/dYeWTSwK41WyTxalN1eRmA5Z9UU/LX9D7FWSmV9SAYx6g==}
    engines: {node: '>=0.10.0'}
    dev: false

  /globals/9.18.0:
    resolution: {integrity: sha512-S0nG3CLEQiY/ILxqtztTWH/3iRRdyBLw6KMDxnKMchrtbj2OFmehVh0WUCfW3DUrIgx/qFrJPICrq4Z4sTR9UQ==}
    engines: {node: '>=0.10.0'}
    dev: false

  /has-ansi/2.0.0:
    resolution: {integrity: sha512-C8vBJ8DwUCx19vhm7urhTuUsr4/IyP6l4VzNQDv+ryHQObW3TTTp9yB68WpYgRe2bbaGuZ/se74IqFeVnMnLZg==}
    engines: {node: '>=0.10.0'}
    dependencies:
      ansi-regex: 2.1.1
    dev: false

  /home-or-tmp/2.0.0:
    resolution: {integrity: sha512-ycURW7oUxE2sNiPVw1HVEFsW+ecOpJ5zaj7eC0RlwhibhRBod20muUN8qu/gzx956YrLolVvs1MTXwKgC2rVEg==}
    engines: {node: '>=0.10.0'}
    dependencies:
      os-homedir: 1.0.2
      os-tmpdir: 1.0.2
    dev: false

  /invariant/2.2.4:
    resolution: {integrity: sha512-phJfQVBuaJM5raOpJjSfkiD6BpbCE4Ns//LaXl6wGYtUBY83nWS6Rf9tXm2e8VaK60JEjYldbPif/A2B1C2gNA==}
    dependencies:
      loose-envify: 1.4.0
    dev: false

  /is-buffer/1.1.6:
    resolution: {integrity: sha512-NcdALwpXkTm5Zvvbk7owOUSvVvBKDgKP5/ewfXEznmQFfs4ZRmanOeKBTjRVjka3QFoN6XJ+9F3USqfHqTaU5w==}
    dev: false

  /is-explicit/1.4.1:
    resolution: {integrity: sha512-8o956hOpMq5KUKJvaUV0R1o323S9UloUewnnSl7+TzzHkLs/IhAWE7bmMad/ZeR2CNOLSk1ZbzOlCYu7qeE72w==}
    dev: false

  /is-finite/1.1.0:
    resolution: {integrity: sha512-cdyMtqX/BOqqNBBiKlIVkytNHm49MtMlYyn1zxzvJKWmFMlGzm+ry5BBfYyeY9YmNKbRSo/o7OX9w9ale0wg3w==}
    engines: {node: '>=0.10.0'}
    dev: false

  /js-tokens/3.0.2:
    resolution: {integrity: sha512-RjTcuD4xjtthQkaWH7dFlH85L+QaVtSoOyGdZ3g6HFhS9dFNDfLyqgm2NFe2X6cQpeFmt0452FJjFG5UameExg==}
    dev: false

  /js-tokens/4.0.0:
    resolution: {integrity: sha512-RdJUflcE3cUzKiMqQgsCu06FPu9UdIJO0beYbPhHN4k6apgJtifcoCtT9bcxOpYBtpD2kCM6Sbzg4CausW/PKQ==}
    dev: false

  /jsesc/0.5.0:
    resolution: {integrity: sha512-uZz5UnB7u4T9LvwmFqXii7pZSouaRPorGs5who1Ip7VO0wxanFvBL7GkM6dTHlgX+jhBApRetaWpnDabOeTcnA==}
    hasBin: true
    dev: false

  /jsesc/1.3.0:
    resolution: {integrity: sha512-Mke0DA0QjUWuJlhsE0ZPPhYiJkRap642SmI/4ztCFaUs6V2AiH1sfecc+57NgaryfAA2VR3v6O+CSjC1jZJKOA==}
    hasBin: true
    dev: false

  /json5/0.5.1:
    resolution: {integrity: sha512-4xrs1aW+6N5DalkqSVA8fxh458CXvR99WU8WLKmq4v8eWAL86Xo3BVqyd3SkA9wEVjCMqyvvRRkshAdOnBp5rw==}
    hasBin: true
    dev: false

  /kind-of/3.2.2:
    resolution: {integrity: sha512-NOW9QQXMoZGg/oqnVNoNTTIFEIid1627WCffUBJEdMxYApq7mNE7CpzucIPc+ZQg25Phej7IJSmX3hO+oblOtQ==}
    engines: {node: '>=0.10.0'}
    dependencies:
      is-buffer: 1.1.6
    dev: false

  /lazy-cache/1.0.4:
    resolution: {integrity: sha512-RE2g0b5VGZsOCFOCgP7omTRYFqydmZkBwl5oNnQ1lDYC57uyO9KqNnNVxT7COSHTxrRCWVcAVOcbjk+tvh/rgQ==}
    engines: {node: '>=0.10.0'}
    dev: false

  /lodash/4.17.21:
    resolution: {integrity: sha512-v2kDEe57lecTulaDIuNTPy3Ry4gLGJ6Z1O3vE1krgXZNrsQ+LFTGHVxVjcXPs17LhbZVGedAJv8XZ1tvj5FvSg==}
    dev: false

  /longest/1.0.1:
    resolution: {integrity: sha512-k+yt5n3l48JU4k8ftnKG6V7u32wyH2NfKzeMto9F/QRE0amxy/LayxwlvjjkZEIzqR+19IrtFO8p5kB9QaYUFg==}
    engines: {node: '>=0.10.0'}
    dev: false

  /loose-envify/1.4.0:
    resolution: {integrity: sha512-lyuxPGr/Wfhrlem2CL/UcnUc1zcqKAImBDzukY7Y5F/yQiNdko6+fRLevlw1HgMySw7f611UIY408EtxRSoK3Q==}
    hasBin: true
    dependencies:
      js-tokens: 4.0.0
    dev: false

  /minimatch/3.1.2:
    resolution: {integrity: sha512-J7p63hRiAjw1NDEww1W7i37+ByIrOWO5XQQAzZ3VOcL0PNybwpfmV/N05zFAzwQ9USyEcX6t3UO+K5aqBQOIHw==}
    dependencies:
      brace-expansion: 1.1.11
    dev: false

  /minimist/1.2.8:
    resolution: {integrity: sha512-2yyAR8qBkN3YuheJanUpWC5U3bb5osDywNB8RzDVlDwDHbocAJveqqj1u8+SVD7jkWT4yvsHCpWqqWqAxb0zCA==}
    dev: false

  /mkdirp/0.5.6:
    resolution: {integrity: sha512-FP+p8RB8OWpF3YZBCrP5gtADmtXApB5AMLn+vdyA+PyxCjrCs00mjyUozssO33cwDeT3wNGdLxJ5M//YqtHAJw==}
    hasBin: true
    dependencies:
      minimist: 1.2.8
    dev: false

  /ms/2.0.0:
    resolution: {integrity: sha512-Tpp60P6IUJDTuOq/5Z8cdskzJujfwqfOTkrwIwj7IRISpnkJnT6SyJ4PCPnGMoFjC9ddhal5KVIYtAt97ix05A==}
    dev: false

  /os-homedir/1.0.2:
    resolution: {integrity: sha512-B5JU3cabzk8c67mRRd3ECmROafjYMXbuzlwtqdM8IbS8ktlTix8aFGb2bAGKrSRIlnfKwovGUUr72JUPyOb6kQ==}
    engines: {node: '>=0.10.0'}
    dev: false

  /os-tmpdir/1.0.2:
    resolution: {integrity: sha512-D2FR03Vir7FIu45XBY20mTb+/ZSWB00sjU9jdQXt83gDrI4Ztz5Fs7/yy74g2N5SVQY4xY1qDr4rNddwYRVX0g==}
    engines: {node: '>=0.10.0'}
    dev: false

  /path-is-absolute/1.0.1:
    resolution: {integrity: sha512-AVbw3UJ2e9bq64vSaS9Am0fje1Pa8pbGqTTsmXfaIiMpnr5DlDhfJOuLj9Sf95ZPVDAUerDfEk88MPmPe7UCQg==}
    engines: {node: '>=0.10.0'}
    dev: false

  /private/0.1.8:
    resolution: {integrity: sha512-VvivMrbvd2nKkiG38qjULzlc+4Vx4wm/whI9pQD35YrARNnhxeiRktSOhSukRLFNlzg6Br/cJPet5J/u19r/mg==}
    engines: {node: '>= 0.6'}
    dev: false

  /regenerate/1.4.2:
    resolution: {integrity: sha512-zrceR/XhGYU/d/opr2EKO7aRHUeiBI8qjtfHqADTwZd6Szfy16la6kqD0MIUs5z5hx6AaKa+PixpPrR289+I0A==}
    dev: false

  /regenerator-runtime/0.11.1:
    resolution: {integrity: sha512-MguG95oij0fC3QV3URf4V2SDYGJhJnJGqvIIgdECeODCT98wSWDAJ94SSuVpYQUoTcGUIL6L4yNB7j1DFFHSBg==}
    dev: false

  /regenerator-transform/0.10.1:
    resolution: {integrity: sha512-PJepbvDbuK1xgIgnau7Y90cwaAmO/LCLMI2mPvaXq2heGMR3aWW5/BQvYrhJ8jgmQjXewXvBjzfqKcVOmhjZ6Q==}
    dependencies:
      babel-runtime: 6.26.0
      babel-types: 6.26.0
      private: 0.1.8
    dev: false

  /regexpu-core/2.0.0:
    resolution: {integrity: sha512-tJ9+S4oKjxY8IZ9jmjnp/mtytu1u3iyIQAfmI51IKWH6bFf7XR1ybtaO6j7INhZKXOTYADk7V5qxaqLkmNxiZQ==}
    dependencies:
      regenerate: 1.4.2
      regjsgen: 0.2.0
      regjsparser: 0.1.5
    dev: false

  /regjsgen/0.2.0:
    resolution: {integrity: sha512-x+Y3yA24uF68m5GA+tBjbGYo64xXVJpbToBaWCoSNSc1hdk6dfctaRWrNFTVJZIIhL5GxW8zwjoixbnifnK59g==}
    dev: false

  /regjsparser/0.1.5:
    resolution: {integrity: sha512-jlQ9gYLfk2p3V5Ag5fYhA7fv7OHzd1KUH0PRP46xc3TgwjwgROIW572AfYg/X9kaNq/LJnu6oJcFRXlIrGoTRw==}
    hasBin: true
    dependencies:
      jsesc: 0.5.0
    dev: false

  /repeat-string/1.6.1:
    resolution: {integrity: sha512-PV0dzCYDNfRi1jCDbJzpW7jNNDRuCOG/jI5ctQcGKt/clZD+YcPS3yIlWuTJMmESC8aevCFmWJy5wjAFgNqN6w==}
    engines: {node: '>=0.10'}
    dev: false

  /repeating/2.0.1:
    resolution: {integrity: sha512-ZqtSMuVybkISo2OWvqvm7iHSWngvdaW3IpsT9/uP8v4gMi591LY6h35wdOfvQdWCKFWZWm2Y1Opp4kV7vQKT6A==}
    engines: {node: '>=0.10.0'}
    dependencies:
      is-finite: 1.1.0
    dev: false

  /right-align/0.1.3:
    resolution: {integrity: sha512-yqINtL/G7vs2v+dFIZmFUDbnVyFUJFKd6gK22Kgo6R4jfJGFtisKyncWDDULgjfqf4ASQuIQyjJ7XZ+3aWpsAg==}
    engines: {node: '>=0.10.0'}
    dependencies:
      align-text: 0.1.4
    dev: false

  /slash/1.0.0:
    resolution: {integrity: sha512-3TYDR7xWt4dIqV2JauJr+EJeW356RXijHeUlO+8djJ+uBXPn8/2dpzBc8yQhh583sVvc9CvFAeQVgijsH+PNNg==}
    engines: {node: '>=0.10.0'}
    dev: false

  /source-map-support/0.4.18:
    resolution: {integrity: sha512-try0/JqxPLF9nOjvSta7tVondkP5dwgyLDjVoyMDlmjugT2lRZ1OfsrYTkCd2hkDnJTKRbO/Rl3orm8vlsUzbA==}
    dependencies:
      source-map: 0.5.7
    dev: false

  /source-map/0.5.7:
    resolution: {integrity: sha512-LbrmJOMUSdEVxIKvdcJzQC+nQhe8FUZQTXQy6+I75skNgn3OoQ0DZA8YnFa7gp8tqtL3KPf1kmo0R5DoApeSGQ==}
    engines: {node: '>=0.10.0'}
    dev: false

  /strip-ansi/3.0.1:
    resolution: {integrity: sha512-VhumSSbBqDTP8p2ZLKj40UjBCV4+v8bUSEpUb4KjRgWk9pbqGF4REFj6KEagidb2f/M6AzC0EmFyDNGaw9OCzg==}
    engines: {node: '>=0.10.0'}
    dependencies:
      ansi-regex: 2.1.1
    dev: false

  /supports-color/2.0.0:
    resolution: {integrity: sha512-KKNVtd6pCYgPIKU4cp2733HWYCpplQhddZLBUryaAHou723x+FRzQ5Df824Fj+IyyuiQTRoub4SnIFfIcrp70g==}
    engines: {node: '>=0.8.0'}
    dev: false

  /to-fast-properties/1.0.3:
    resolution: {integrity: sha512-lxrWP8ejsq+7E3nNjwYmUBMAgjMTZoTI+sdBOpvNyijeDLa29LUn9QaoXAHv4+Z578hbmHHJKZknzxVtvo77og==}
    engines: {node: '>=0.10.0'}
    dev: false

  /trim-right/1.0.1:
    resolution: {integrity: sha512-WZGXGstmCWgeevgTL54hrCuw1dyMQIzWy7ZfqRJfSmJZBwklI15egmQytFP6bPidmw3M8d5yEowl1niq4vmqZw==}
    engines: {node: '>=0.10.0'}
    dev: false

  /uglify-js/2.8.29:
    resolution: {integrity: sha512-qLq/4y2pjcU3vhlhseXGGJ7VbFO4pBANu0kwl8VCa9KEI0V8VfZIx2Fy3w01iSTA/pGwKZSmu/+I4etLNDdt5w==}
    engines: {node: '>=0.8.0'}
    hasBin: true
    dependencies:
      source-map: 0.5.7
      yargs: 3.10.0
    optionalDependencies:
      uglify-to-browserify: 1.0.2
    dev: false

  /uglify-to-browserify/1.0.2:
    resolution: {integrity: sha512-vb2s1lYx2xBtUgy+ta+b2J/GLVUR+wmpINwHePmPRhOsIVCG2wDzKJ0n14GslH1BifsqVzSOwQhRaCAsZ/nI4Q==}
    requiresBuild: true
    dev: false
    optional: true

  /uuid/2.0.3:
    resolution: {integrity: sha512-FULf7fayPdpASncVy4DLh3xydlXEJJpvIELjYjNeQWYUZ9pclcpvCZSr2gkmN2FrrGcI7G/cJsIEwk5/8vfXpg==}
    deprecated: Please upgrade  to version 7 or higher.  Older versions may use Math.random() in certain circumstances, which is known to be problematic.  See https://v8.dev/blog/math-random for details.
    dev: false

  /window-size/0.1.0:
    resolution: {integrity: sha512-1pTPQDKTdd61ozlKGNCjhNRd+KPmgLSGa3mZTHoOliaGcESD8G1PXhh7c1fgiPjVbNVfgy2Faw4BI8/m0cC8Mg==}
    engines: {node: '>= 0.8.0'}
    dev: false

  /wordwrap/0.0.2:
    resolution: {integrity: sha512-xSBsCeh+g+dinoBv3GAOWM4LcVVO68wLXRanibtBSdUvkGWQRGeE9P7IwU9EmDDi4jA6L44lz15CGMwdw9N5+Q==}
    engines: {node: '>=0.4.0'}
    dev: false

  /yargs/3.10.0:
    resolution: {integrity: sha512-QFzUah88GAGy9lyDKGBqZdkYApt63rCXYBGYnEP4xDJPXNqXXnBDACnbrXnViV6jRSqAePwrATi2i8mfYm4L1A==}
    dependencies:
      camelcase: 1.2.1
      cliui: 2.1.0
      decamelize: 1.2.0
      window-size: 0.1.0
    dev: false
